{
  "version": 4,
  "terraform_version": "1.12.2",
  "serial": 14,
  "lineage": "2a978ffe-fca4-e270-b17e-21969c6b408a",
  "outputs": {
    "azure_vm_public_ip": {
      "value": "4.246.153.93",
      "type": "string"
    }
  },
  "resources": [
    {
      "mode": "data",
      "type": "local_file",
      "name": "pubkey",
      "provider": "provider[\"registry.terraform.io/hashicorp/local\"]",
      "instances": [
        {
          "schema_version": 0,
          "attributes": {
            "content": "ssh-rsa AAAAB3NzaC1yc2EAAAADAQABAAACAQCJls1Zvz7WKPtVimMfl6d1kQHHmHciYAA21dwdBsFyvCwRna6rM6HSLgRNiGoB1XyBYPEf6KUuwUefsmXkmoxbqQZckXn8LjapOp4yKczjnBXtd52WiY3rZDcV111zvdS0OCaPw9iMMEj2MSVpFMArO/MJ2onmaAafqvNB0nhdfwdpVMqqWu1AS6wii86xbowszauIy6iBTRSgyirk4eETaWOireG1AQ7AwvE2P4mhpNu7E++J67/FdkdPqgN4XAstGc7G9mHyKKtVZp/jsWYwsvx67wY/O3odW+yJ/8N4bIcoGuxioR3CfgiHHjz8XYRVXgMxTwprEVdYMlXI8pRhTZ58DONsx6+v7OySPSlJQEq7cOt9al3ilP10MbmLk72u3HGo6Ad1ZVWOmsZViW4bv3fdnzMeVRozXsEJbffZURBs6iaRr1RS8nELRmotxI/vuFqnYzTsWrNJ78uCQnO/5SU8C+3ib4oeOxIbCr8ywkA5gh806e3vThaXKyqgV991VzNFsBpQEfwSx7dBuRwOY1XNo4aFych0/7hZOcueuad+G15iuaflZtRNEqOCVgW0F0ZUXyrshSXkQGM743pUm4pG8xsu4DZTyDRLtNhH3ljOZrBBepwwme50wP5Qj7jCRyQaaEWcBsToTuAKekWmP0Py2/8IT8CLHEUArEpNcQ== etrika@LAPTOP-5HHPQGSC\n",
            "content_base64": "c3NoLXJzYSBBQUFBQjNOemFDMXljMkVBQUFBREFRQUJBQUFDQVFDSmxzMVp2ejdXS1B0VmltTWZsNmQxa1FISG1IY2lZQUEyMWR3ZEJzRnl2Q3dSbmE2ck02SFNMZ1JOaUdvQjFYeUJZUEVmNktVdXdVZWZzbVhrbW94YnFRWmNrWG44TGphcE9wNHlLY3pqbkJYdGQ1MldpWTNyWkRjVjExMXp2ZFMwT0NhUHc5aU1NRWoyTVNWcEZNQXJPL01KMm9ubWFBYWZxdk5CMG5oZGZ3ZHBWTXFxV3UxQVM2d2lpODZ4Ym93c3phdUl5NmlCVFJTZ3lpcms0ZUVUYVdPaXJlRzFBUTdBd3ZFMlA0bWhwTnU3RSsrSjY3L0Zka2RQcWdONFhBc3RHYzdHOW1IeUtLdFZacC9qc1dZd3N2eDY3d1kvTzNvZFcreUovOE40Ykljb0d1eGlvUjNDZmdpSEhqejhYWVJWWGdNeFR3cHJFVmRZTWxYSThwUmhUWjU4RE9Oc3g2K3Y3T3lTUFNsSlFFcTdjT3Q5YWwzaWxQMTBNYm1MazcydTNIR282QWQxWlZXT21zWlZpVzRidjNmZG56TWVWUm96WHNFSmJmZlpVUkJzNmlhUnIxUlM4bkVMUm1vdHhJL3Z1RnFuWXpUc1dyTko3OHVDUW5PLzVTVThDKzNpYjRvZU94SWJDcjh5d2tBNWdoODA2ZTN2VGhhWEt5cWdWOTkxVnpORnNCcFFFZndTeDdkQnVSd09ZMVhObzRhRnljaDAvN2haT2N1ZXVhZCtHMTVpdWFmbFp0Uk5FcU9DVmdXMEYwWlVYeXJzaFNYa1FHTTc0M3BVbTRwRzh4c3U0RFpUeURSTHROaEgzbGpPWnJCQmVwd3dtZTUwd1A1UWo3akNSeVFhYUVXY0JzVG9UdUFLZWtXbVAwUHkyLzhJVDhDTEhFVUFyRXBOY1E9PSBldHJpa2FATEFQVE9QLTVISFBRR1NDCg==",
            "content_base64sha256": "ZgUiXa7fYNt01kLMQdbfgtZtSOONu638jbzTztEPaPI=",
            "content_base64sha512": "ucrviNSeza1e8pdKORLQJuLuNF1xScGY8LZMV1gw0bQ2BtIx5O6Ynhz3ReHePUOcDRn0R2FVipvQMCoV53RRNg==",
            "content_md5": "7b431f54bf25285dfca594ed27475f18",
            "content_sha1": "a67e5c6ecc3af8d572f712afffde3ca3ef8360e1",
            "content_sha256": "6605225daedf60db74d642cc41d6df82d66d48e38dbbadfc8dbcd3ced10f68f2",
            "content_sha512": "b9caef88d49ecdad5ef2974a3912d026e2ee345d7149c198f0b64c575830d1b43606d231e4ee989e1cf745e1de3d439c0d19f44761558a9bd0302a15e7745136",
            "filename": "/home/etrika/.ssh/netrika-key.pub",
            "id": "a67e5c6ecc3af8d572f712afffde3ca3ef8360e1"
          },
          "sensitive_attributes": [],
          "identity_schema_version": 0
        }
      ]
    },
    {
      "mode": "managed",
      "type": "azurerm_linux_virtual_machine",
      "name": "vm",
      "provider": "provider[\"registry.terraform.io/hashicorp/azurerm\"]",
      "instances": [
        {
          "schema_version": 0,
          "attributes": {
            "additional_capabilities": [],
            "admin_password": null,
            "admin_ssh_key": [
              {
                "public_key": "ssh-rsa AAAAB3NzaC1yc2EAAAADAQABAAACAQCJls1Zvz7WKPtVimMfl6d1kQHHmHciYAA21dwdBsFyvCwRna6rM6HSLgRNiGoB1XyBYPEf6KUuwUefsmXkmoxbqQZckXn8LjapOp4yKczjnBXtd52WiY3rZDcV111zvdS0OCaPw9iMMEj2MSVpFMArO/MJ2onmaAafqvNB0nhdfwdpVMqqWu1AS6wii86xbowszauIy6iBTRSgyirk4eETaWOireG1AQ7AwvE2P4mhpNu7E++J67/FdkdPqgN4XAstGc7G9mHyKKtVZp/jsWYwsvx67wY/O3odW+yJ/8N4bIcoGuxioR3CfgiHHjz8XYRVXgMxTwprEVdYMlXI8pRhTZ58DONsx6+v7OySPSlJQEq7cOt9al3ilP10MbmLk72u3HGo6Ad1ZVWOmsZViW4bv3fdnzMeVRozXsEJbffZURBs6iaRr1RS8nELRmotxI/vuFqnYzTsWrNJ78uCQnO/5SU8C+3ib4oeOxIbCr8ywkA5gh806e3vThaXKyqgV991VzNFsBpQEfwSx7dBuRwOY1XNo4aFych0/7hZOcueuad+G15iuaflZtRNEqOCVgW0F0ZUXyrshSXkQGM743pUm4pG8xsu4DZTyDRLtNhH3ljOZrBBepwwme50wP5Qj7jCRyQaaEWcBsToTuAKekWmP0Py2/8IT8CLHEUArEpNcQ== etrika@LAPTOP-5HHPQGSC\n",
                "username": "azureuser"
              }
            ],
            "admin_username": "azureuser",
            "allow_extension_operations": true,
            "availability_set_id": "",
            "boot_diagnostics": [],
            "bypass_platform_safety_checks_on_user_schedule_enabled": false,
            "capacity_reservation_group_id": "",
            "computer_name": "capstone-azure-vm",
            "custom_data": null,
            "dedicated_host_group_id": "",
            "dedicated_host_id": "",
            "disable_password_authentication": true,
            "disk_controller_type": "",
            "edge_zone": "",
            "encryption_at_host_enabled": false,
            "eviction_policy": "",
            "extensions_time_budget": "PT1H30M",
            "gallery_application": [],
            "id": "/subscriptions/0c793f29-ae42-4a52-9649-c0e61f28d1de/resourceGroups/capstone-rg/providers/Microsoft.Compute/virtualMachines/capstone-azure-vm",
            "identity": [],
            "license_type": "",
            "location": "eastus",
            "max_bid_price": -1,
            "name": "capstone-azure-vm",
            "network_interface_ids": [
              "/subscriptions/0c793f29-ae42-4a52-9649-c0e61f28d1de/resourceGroups/capstone-rg/providers/Microsoft.Network/networkInterfaces/capstone-nic"
            ],
            "os_disk": [
              {
                "caching": "ReadWrite",
                "diff_disk_settings": [],
                "disk_encryption_set_id": "",
                "disk_size_gb": 30,
                "id": "/subscriptions/0c793f29-ae42-4a52-9649-c0e61f28d1de/resourceGroups/capstone-rg/providers/Microsoft.Compute/disks/capstone-azure-vm_OsDisk_1_c69b76dd39ef4d999b9c197d03e2717b",
                "name": "capstone-azure-vm_OsDisk_1_c69b76dd39ef4d999b9c197d03e2717b",
                "secure_vm_disk_encryption_set_id": "",
                "security_encryption_type": "",
                "storage_account_type": "Standard_LRS",
                "write_accelerator_enabled": false
              }
            ],
            "os_image_notification": [],
            "os_managed_disk_id": "/subscriptions/0c793f29-ae42-4a52-9649-c0e61f28d1de/resourceGroups/capstone-rg/providers/Microsoft.Compute/disks/capstone-azure-vm_OsDisk_1_c69b76dd39ef4d999b9c197d03e2717b",
            "patch_assessment_mode": "ImageDefault",
            "patch_mode": "ImageDefault",
            "plan": [],
            "platform_fault_domain": -1,
            "priority": "Regular",
            "private_ip_address": "10.10.1.4",
            "private_ip_addresses": [
              "10.10.1.4"
            ],
            "provision_vm_agent": true,
            "proximity_placement_group_id": "",
            "public_ip_address": "4.246.153.93",
            "public_ip_addresses": [
              "4.246.153.93"
            ],
            "reboot_setting": "",
            "resource_group_name": "capstone-rg",
            "secret": [],
            "secure_boot_enabled": false,
            "size": "Standard_B2ms",
            "source_image_id": "",
            "source_image_reference": [
              {
                "offer": "0001-com-ubuntu-server-focal",
                "publisher": "Canonical",
                "sku": "20_04-lts",
                "version": "latest"
              }
            ],
            "tags": null,
            "termination_notification": null,
            "timeouts": null,
            "user_data": "",
            "virtual_machine_id": "c39ee953-657f-448a-8579-714d35e79504",
            "virtual_machine_scale_set_id": "",
            "vm_agent_platform_updates_enabled": false,
            "vtpm_enabled": false,
            "zone": ""
          },
          "sensitive_attributes": [
            [
              {
                "type": "get_attr",
                "value": "admin_password"
              }
            ],
            [
              {
                "type": "get_attr",
                "value": "custom_data"
              }
            ]
          ],
          "identity_schema_version": 0,
          "private": "eyJlMmJmYjczMC1lY2FhLTExZTYtOGY4OC0zNDM2M2JjN2M0YzAiOnsiY3JlYXRlIjoyNzAwMDAwMDAwMDAwLCJkZWxldGUiOjI3MDAwMDAwMDAwMDAsInJlYWQiOjMwMDAwMDAwMDAwMCwidXBkYXRlIjoyNzAwMDAwMDAwMDAwfX0=",
          "dependencies": [
            "azurerm_network_interface.nic",
            "azurerm_public_ip.pip",
            "azurerm_resource_group.rg",
            "azurerm_subnet.subnet",
            "azurerm_virtual_network.vnet",
            "data.local_file.pubkey"
          ]
        }
      ]
    },
    {
      "mode": "managed",
      "type": "azurerm_network_interface",
      "name": "nic",
      "provider": "provider[\"registry.terraform.io/hashicorp/azurerm\"]",
      "instances": [
        {
          "schema_version": 0,
          "attributes": {
            "accelerated_networking_enabled": false,
            "applied_dns_servers": [],
            "auxiliary_mode": "",
            "auxiliary_sku": "",
            "dns_servers": [],
            "edge_zone": "",
            "id": "/subscriptions/0c793f29-ae42-4a52-9649-c0e61f28d1de/resourceGroups/capstone-rg/providers/Microsoft.Network/networkInterfaces/capstone-nic",
            "internal_dns_name_label": "",
            "internal_domain_name_suffix": "wu2jzq2jdynevhrpxk5ty0omif.bx.internal.cloudapp.net",
            "ip_configuration": [
              {
                "gateway_load_balancer_frontend_ip_configuration_id": "",
                "name": "internal",
                "primary": true,
                "private_ip_address": "10.10.1.4",
                "private_ip_address_allocation": "Dynamic",
                "private_ip_address_version": "IPv4",
                "public_ip_address_id": "/subscriptions/0c793f29-ae42-4a52-9649-c0e61f28d1de/resourceGroups/capstone-rg/providers/Microsoft.Network/publicIPAddresses/capstone-pip",
                "subnet_id": "/subscriptions/0c793f29-ae42-4a52-9649-c0e61f28d1de/resourceGroups/capstone-rg/providers/Microsoft.Network/virtualNetworks/capstone-vnet/subnets/cap-subnet"
              }
            ],
            "ip_forwarding_enabled": false,
            "location": "eastus",
            "mac_address": "",
            "name": "capstone-nic",
            "private_ip_address": "10.10.1.4",
            "private_ip_addresses": [
              "10.10.1.4"
            ],
            "resource_group_name": "capstone-rg",
            "tags": {},
            "timeouts": null,
            "virtual_machine_id": ""
          },
          "sensitive_attributes": [],
          "identity_schema_version": 0,
          "identity": {
            "name": "capstone-nic",
            "resource_group_name": "capstone-rg",
            "subscription_id": "0c793f29-ae42-4a52-9649-c0e61f28d1de"
          },
          "private": "eyJlMmJmYjczMC1lY2FhLTExZTYtOGY4OC0zNDM2M2JjN2M0YzAiOnsiY3JlYXRlIjoxODAwMDAwMDAwMDAwLCJkZWxldGUiOjE4MDAwMDAwMDAwMDAsInJlYWQiOjMwMDAwMDAwMDAwMCwidXBkYXRlIjoxODAwMDAwMDAwMDAwfX0=",
          "dependencies": [
            "azurerm_public_ip.pip",
            "azurerm_resource_group.rg",
            "azurerm_subnet.subnet",
            "azurerm_virtual_network.vnet"
          ]
        }
      ]
    },
    {
      "mode": "managed",
      "type": "azurerm_network_interface_security_group_association",
      "name": "nic_nsg_attach",
      "provider": "provider[\"registry.terraform.io/hashicorp/azurerm\"]",
      "instances": [
        {
          "schema_version": 0,
          "attributes": {
            "id": "/subscriptions/0c793f29-ae42-4a52-9649-c0e61f28d1de/resourceGroups/capstone-rg/providers/Microsoft.Network/networkInterfaces/capstone-nic|/subscriptions/0c793f29-ae42-4a52-9649-c0e61f28d1de/resourceGroups/capstone-rg/providers/Microsoft.Network/networkSecurityGroups/capstone-nsg",
            "network_interface_id": "/subscriptions/0c793f29-ae42-4a52-9649-c0e61f28d1de/resourceGroups/capstone-rg/providers/Microsoft.Network/networkInterfaces/capstone-nic",
            "network_security_group_id": "/subscriptions/0c793f29-ae42-4a52-9649-c0e61f28d1de/resourceGroups/capstone-rg/providers/Microsoft.Network/networkSecurityGroups/capstone-nsg",
            "timeouts": null
          },
          "sensitive_attributes": [],
          "identity_schema_version": 0,
          "private": "eyJlMmJmYjczMC1lY2FhLTExZTYtOGY4OC0zNDM2M2JjN2M0YzAiOnsiY3JlYXRlIjoxODAwMDAwMDAwMDAwLCJkZWxldGUiOjE4MDAwMDAwMDAwMDAsInJlYWQiOjMwMDAwMDAwMDAwMH19",
          "dependencies": [
            "azurerm_network_interface.nic",
            "azurerm_network_security_group.nsg",
            "azurerm_public_ip.pip",
            "azurerm_resource_group.rg",
            "azurerm_subnet.subnet",
            "azurerm_virtual_network.vnet"
          ]
        }
      ]
    },
    {
      "mode": "managed",
      "type": "azurerm_network_security_group",
      "name": "nsg",
      "provider": "provider[\"registry.terraform.io/hashicorp/azurerm\"]",
      "instances": [
        {
          "schema_version": 0,
          "attributes": {
            "id": "/subscriptions/0c793f29-ae42-4a52-9649-c0e61f28d1de/resourceGroups/capstone-rg/providers/Microsoft.Network/networkSecurityGroups/capstone-nsg",
            "location": "eastus",
            "name": "capstone-nsg",
            "resource_group_name": "capstone-rg",
            "security_rule": [
              {
                "access": "Allow",
                "description": "",
                "destination_address_prefix": "*",
                "destination_address_prefixes": [],
                "destination_application_security_group_ids": [],
                "destination_port_range": "22",
                "destination_port_ranges": [],
                "direction": "Inbound",
                "name": "SSH",
                "priority": 100,
                "protocol": "Tcp",
                "source_address_prefix": "*",
                "source_address_prefixes": [],
                "source_application_security_group_ids": [],
                "source_port_range": "*",
                "source_port_ranges": []
              },
              {
                "access": "Allow",
                "description": "",
                "destination_address_prefix": "*",
                "destination_address_prefixes": [],
                "destination_application_security_group_ids": [],
                "destination_port_range": "80",
                "destination_port_ranges": [],
                "direction": "Inbound",
                "name": "HTTP",
                "priority": 200,
                "protocol": "Tcp",
                "source_address_prefix": "*",
                "source_address_prefixes": [],
                "source_application_security_group_ids": [],
                "source_port_range": "*",
                "source_port_ranges": []
              }
            ],
            "tags": {},
            "timeouts": null
          },
          "sensitive_attributes": [],
          "identity_schema_version": 0,
          "identity": {
            "name": "capstone-nsg",
            "resource_group_name": "capstone-rg",
            "subscription_id": "0c793f29-ae42-4a52-9649-c0e61f28d1de"
          },
          "private": "eyJlMmJmYjczMC1lY2FhLTExZTYtOGY4OC0zNDM2M2JjN2M0YzAiOnsiY3JlYXRlIjoxODAwMDAwMDAwMDAwLCJkZWxldGUiOjE4MDAwMDAwMDAwMDAsInJlYWQiOjMwMDAwMDAwMDAwMCwidXBkYXRlIjoxODAwMDAwMDAwMDAwfX0=",
          "dependencies": [
            "azurerm_resource_group.rg"
          ]
        }
      ]
    },
    {
      "mode": "managed",
      "type": "azurerm_public_ip",
      "name": "pip",
      "provider": "provider[\"registry.terraform.io/hashicorp/azurerm\"]",
      "instances": [
        {
          "schema_version": 0,
          "attributes": {
            "allocation_method": "Static",
            "ddos_protection_mode": "VirtualNetworkInherited",
            "ddos_protection_plan_id": null,
            "domain_name_label": null,
            "domain_name_label_scope": null,
            "edge_zone": "",
            "fqdn": null,
            "id": "/subscriptions/0c793f29-ae42-4a52-9649-c0e61f28d1de/resourceGroups/capstone-rg/providers/Microsoft.Network/publicIPAddresses/capstone-pip",
            "idle_timeout_in_minutes": 4,
            "ip_address": "4.246.153.93",
            "ip_tags": {},
            "ip_version": "IPv4",
            "location": "eastus",
            "name": "capstone-pip",
            "public_ip_prefix_id": null,
            "resource_group_name": "capstone-rg",
            "reverse_fqdn": null,
            "sku": "Standard",
            "sku_tier": "Regional",
            "tags": {},
            "timeouts": null,
            "zones": []
          },
          "sensitive_attributes": [],
          "identity_schema_version": 0,
          "private": "eyJlMmJmYjczMC1lY2FhLTExZTYtOGY4OC0zNDM2M2JjN2M0YzAiOnsiY3JlYXRlIjoxODAwMDAwMDAwMDAwLCJkZWxldGUiOjE4MDAwMDAwMDAwMDAsInJlYWQiOjMwMDAwMDAwMDAwMCwidXBkYXRlIjoxODAwMDAwMDAwMDAwfX0=",
          "dependencies": [
            "azurerm_resource_group.rg"
          ]
        }
      ]
    },
    {
      "mode": "managed",
      "type": "azurerm_resource_group",
      "name": "rg",
      "provider": "provider[\"registry.terraform.io/hashicorp/azurerm\"]",
      "instances": [
        {
          "schema_version": 0,
          "attributes": {
            "id": "/subscriptions/0c793f29-ae42-4a52-9649-c0e61f28d1de/resourceGroups/capstone-rg",
            "location": "eastus",
            "managed_by": "",
            "name": "capstone-rg",
            "tags": {},
            "timeouts": null
          },
          "sensitive_attributes": [],
          "identity_schema_version": 0,
          "identity": {
            "name": "capstone-rg",
            "subscription_id": "0c793f29-ae42-4a52-9649-c0e61f28d1de"
          },
          "private": "eyJlMmJmYjczMC1lY2FhLTExZTYtOGY4OC0zNDM2M2JjN2M0YzAiOnsiY3JlYXRlIjo1NDAwMDAwMDAwMDAwLCJkZWxldGUiOjU0MDAwMDAwMDAwMDAsInJlYWQiOjMwMDAwMDAwMDAwMCwidXBkYXRlIjo1NDAwMDAwMDAwMDAwfX0="
        }
      ]
    },
    {
      "mode": "managed",
      "type": "azurerm_subnet",
      "name": "subnet",
      "provider": "provider[\"registry.terraform.io/hashicorp/azurerm\"]",
      "instances": [
        {
          "schema_version": 0,
          "attributes": {
            "address_prefixes": [
              "10.10.1.0/24"
            ],
            "default_outbound_access_enabled": true,
            "delegation": [],
            "id": "/subscriptions/0c793f29-ae42-4a52-9649-c0e61f28d1de/resourceGroups/capstone-rg/providers/Microsoft.Network/virtualNetworks/capstone-vnet/subnets/cap-subnet",
            "ip_address_pool": [],
            "name": "cap-subnet",
            "private_endpoint_network_policies": "Disabled",
            "private_link_service_network_policies_enabled": true,
            "resource_group_name": "capstone-rg",
            "service_endpoint_policy_ids": [],
            "service_endpoints": [],
            "sharing_scope": "",
            "timeouts": null,
            "virtual_network_name": "capstone-vnet"
          },
          "sensitive_attributes": [],
          "identity_schema_version": 0,
          "identity": {
            "name": "cap-subnet",
            "resource_group_name": "capstone-rg",
            "subscription_id": "0c793f29-ae42-4a52-9649-c0e61f28d1de",
            "virtual_network_name": "capstone-vnet"
          },
          "private": "eyJlMmJmYjczMC1lY2FhLTExZTYtOGY4OC0zNDM2M2JjN2M0YzAiOnsiY3JlYXRlIjoxODAwMDAwMDAwMDAwLCJkZWxldGUiOjE4MDAwMDAwMDAwMDAsInJlYWQiOjMwMDAwMDAwMDAwMCwidXBkYXRlIjoxODAwMDAwMDAwMDAwfX0=",
          "dependencies": [
            "azurerm_resource_group.rg",
            "azurerm_virtual_network.vnet"
          ]
        }
      ]
    },
    {
      "mode": "managed",
      "type": "azurerm_virtual_network",
      "name": "vnet",
      "provider": "provider[\"registry.terraform.io/hashicorp/azurerm\"]",
      "instances": [
        {
          "schema_version": 0,
          "attributes": {
            "address_space": [
              "10.10.0.0/16"
            ],
            "bgp_community": "",
            "ddos_protection_plan": [],
            "dns_servers": [],
            "edge_zone": "",
            "encryption": [],
            "flow_timeout_in_minutes": 0,
            "guid": "c39c38b5-1e89-4a1a-9e2f-babf3c69cc45",
            "id": "/subscriptions/0c793f29-ae42-4a52-9649-c0e61f28d1de/resourceGroups/capstone-rg/providers/Microsoft.Network/virtualNetworks/capstone-vnet",
            "ip_address_pool": [],
            "location": "eastus",
            "name": "capstone-vnet",
            "private_endpoint_vnet_policies": "Disabled",
            "resource_group_name": "capstone-rg",
            "subnet": [
              {
                "address_prefixes": [
                  "10.10.1.0/24"
                ],
                "default_outbound_access_enabled": true,
                "delegation": [],
                "id": "/subscriptions/0c793f29-ae42-4a52-9649-c0e61f28d1de/resourceGroups/capstone-rg/providers/Microsoft.Network/virtualNetworks/capstone-vnet/subnets/cap-subnet",
                "name": "cap-subnet",
                "private_endpoint_network_policies": "Disabled",
                "private_link_service_network_policies_enabled": true,
                "route_table_id": "",
                "security_group": "",
                "service_endpoint_policy_ids": [],
                "service_endpoints": []
              }
            ],
            "tags": {},
            "timeouts": null
          },
          "sensitive_attributes": [],
          "identity_schema_version": 0,
          "identity": {
            "name": "capstone-vnet",
            "resource_group_name": "capstone-rg",
            "subscription_id": "0c793f29-ae42-4a52-9649-c0e61f28d1de"
          },
          "private": "eyJlMmJmYjczMC1lY2FhLTExZTYtOGY4OC0zNDM2M2JjN2M0YzAiOnsiY3JlYXRlIjoxODAwMDAwMDAwMDAwLCJkZWxldGUiOjE4MDAwMDAwMDAwMDAsInJlYWQiOjMwMDAwMDAwMDAwMCwidXBkYXRlIjoxODAwMDAwMDAwMDAwfX0=",
          "dependencies": [
            "azurerm_resource_group.rg"
          ]
        }
      ]
    }
  ],
  "check_results": null
}
